
Microsoft Visual Studio Solution File, Format Version 12.00
# Visual Studio Version 17
VisualStudioVersion = 17.13.35931.197 d17.13
MinimumVisualStudioVersion = 10.0.40219.1
Project("{FAE04EC0-301F-11D3-BF4B-00C04F79EFBC}") = "HomolyaN_email", "HomolyaN_email\HomolyaN_email.csproj", "{E9EA2EA8-0469-42F5-9F84-16162E56B52C}"
EndProject
Global
	GlobalSection(SolutionConfigurationPlatforms) = preSolution
		Debug|Any CPU = Debug|Any CPU
		Release|Any CPU = Release|Any CPU
	EndGlobalSection
	GlobalSection(ProjectConfigurationPlatforms) = postSolution
		{E9EA2EA8-0469-42F5-9F84-16162E56B52C}.Debug|Any CPU.ActiveCfg = Debug|Any CPU
		{E9EA2EA8-0469-42F5-9F84-16162E56B52C}.Debug|Any CPU.Build.0 = Debug|Any CPU
		{E9EA2EA8-0469-42F5-9F84-16162E56B52C}.Release|Any CPU.ActiveCfg = Release|Any CPU
		{E9EA2EA8-0469-42F5-9F84-16162E56B52C}.Release|Any CPU.Build.0 = Release|Any CPU
	EndGlobalSection
	GlobalSection(SolutionProperties) = preSolution
		HideSolutionNode = FALSE
	EndGlobalSection
	GlobalSection(ExtensibilityGlobals) = postSolution
		SolutionGuid = {CDE4056B-BFD6-4D72-A3BD-FCC4EE388D11}
	EndGlobalSection
EndGlobal
